
Microsoft Visual Studio Solution File, Format Version 12.00
# Visual Studio Version 17
VisualStudioVersion = 17.9.34728.123
MinimumVisualStudioVersion = 10.0.40219.1
Project("{FAE04EC0-301F-11D3-BF4B-00C04F79EFBC}") = "ChuKySoSchnorr", "ChuKySoSchnorr\ChuKySoSchnorr.csproj", "{AF850440-3B45-46EF-BD76-F6D32C2F2EA0}"
EndProject
Global
	GlobalSection(SolutionConfigurationPlatforms) = preSolution
		Debug|Any CPU = Debug|Any CPU
		Release|Any CPU = Release|Any CPU
	EndGlobalSection
	GlobalSection(ProjectConfigurationPlatforms) = postSolution
		{AF850440-3B45-46EF-BD76-F6D32C2F2EA0}.Debug|Any CPU.ActiveCfg = Debug|Any CPU
		{AF850440-3B45-46EF-BD76-F6D32C2F2EA0}.Debug|Any CPU.Build.0 = Debug|Any CPU
		{AF850440-3B45-46EF-BD76-F6D32C2F2EA0}.Release|Any CPU.ActiveCfg = Release|Any CPU
		{AF850440-3B45-46EF-BD76-F6D32C2F2EA0}.Release|Any CPU.Build.0 = Release|Any CPU
	EndGlobalSection
	GlobalSection(SolutionProperties) = preSolution
		HideSolutionNode = FALSE
	EndGlobalSection
	GlobalSection(ExtensibilityGlobals) = postSolution
		SolutionGuid = {7CAA4BF4-A1A1-4336-92F0-7F0A3BEE1270}
	EndGlobalSection
EndGlobal
